#
# This file is autogenerated by pip-compile with Python 3.12
# by the following command:
#
#    pip-compile --output-file=docker/development/files/requirements.lock docker/development/files/requirements.txt test/pyTest/requirements.txt tools/UdsTool/requirements.txt
#
anyio==4.12.0
    # via httpx
build==1.3.0
    # via poetry
cachecontrol[filecache]==0.14.4
    # via poetry
can-isotp==2.0.6
    # via
    #   -r test/pyTest/requirements.txt
    #   -r tools/UdsTool/requirements.txt
certifi==2025.11.12
    # via
    #   httpcore
    #   httpx
    #   requests
cffi==2.0.0
    # via cryptography
charset-normalizer==3.4.4
    # via requests
cleo==2.1.0
    # via poetry
click==8.0.3
    # via -r tools/UdsTool/requirements.txt
cmakelang==0.6.13
    # via -r docker/development/files/requirements.txt
crashtest==0.4.1
    # via cleo
cryptography==46.0.3
    # via secretstorage
distlib==0.4.0
    # via virtualenv
doipclient==1.1.1
    # via -r tools/UdsTool/requirements.txt
dulwich==0.24.10
    # via poetry
exceptiongroup==1.2.2
    # via -r test/pyTest/requirements.txt
fastjsonschema==2.21.2
    # via poetry
filelock==3.20.1
    # via
    #   cachecontrol
    #   virtualenv
findpython==0.7.1
    # via poetry
h11==0.16.0
    # via httpcore
httpcore==1.0.9
    # via httpx
httpx==0.28.1
    # via pbs-installer
idna==3.11
    # via
    #   anyio
    #   httpx
    #   requests
iniconfig==2.0.0
    # via
    #   -r test/pyTest/requirements.txt
    #   pytest
installer==0.7.0
    # via poetry
jaraco-classes==3.4.0
    # via keyring
jaraco-context==6.0.1
    # via keyring
jaraco-functools==4.3.0
    # via keyring
jeepney==0.9.0
    # via
    #   keyring
    #   secretstorage
keyring==25.7.0
    # via poetry
markdown-it-py==4.0.0
    # via rich
mdurl==0.1.2
    # via markdown-it-py
more-itertools==10.8.0
    # via
    #   jaraco-classes
    #   jaraco-functools
msgpack==1.0.8
    # via
    #   -r test/pyTest/requirements.txt
    #   cachecontrol
    #   python-can
packaging==25.0
    # via
    #   build
    #   findpython
    #   poetry
    #   pytest
    #   python-can
pbs-installer[download,install]==2025.12.5
    # via poetry
pkginfo==1.12.1.2
    # via poetry
platformdirs==4.5.1
    # via
    #   findpython
    #   poetry
    #   virtualenv
pluggy==1.5.0
    # via
    #   -r test/pyTest/requirements.txt
    #   pytest
poetry==2.2.1
    # via -r docker/development/files/requirements.txt
poetry-core==2.2.1
    # via poetry
pycparser==2.23
    # via cffi
pygments==2.19.2
    # via rich
pyproject-hooks==1.2.0
    # via
    #   build
    #   poetry
pyserial==3.5
    # via -r test/pyTest/requirements.txt
pytest==8.3.3
    # via -r test/pyTest/requirements.txt
python-can==4.4.2
    # via
    #   -r test/pyTest/requirements.txt
    #   -r tools/UdsTool/requirements.txt
pyyaml==6.0.3
    # via -r docker/development/files/requirements.txt
rapidfuzz==3.14.3
    # via cleo
requests==2.32.5
    # via
    #   cachecontrol
    #   poetry
    #   requests-toolbelt
requests-toolbelt==1.0.0
    # via poetry
rich==14.2.0
    # via -r docker/development/files/requirements.txt
secretstorage==3.5.0
    # via keyring
shellingham==1.5.4
    # via poetry
six==1.17.0
    # via cmakelang
sniffio==1.3.1
    # via -r docker/development/files/requirements.txt
tomli==2.0.1
    # via -r test/pyTest/requirements.txt
tomlkit==0.13.3
    # via poetry
trove-classifiers==2025.12.1.14
    # via poetry
typing-extensions==4.12.2
    # via
    #   -r test/pyTest/requirements.txt
    #   anyio
    #   python-can
udsoncan==1.23.1
    # via
    #   -r test/pyTest/requirements.txt
    #   -r tools/UdsTool/requirements.txt
urllib3==2.6.2
    # via
    #   dulwich
    #   requests
virtualenv==20.35.4
    # via poetry
wrapt==1.16.0
    # via
    #   -r test/pyTest/requirements.txt
    #   python-can
zstandard==0.25.0
    # via pbs-installer

# The following packages are considered to be unsafe in a requirements file:
# setuptools
